// !$*UTF8*$!
{
	archiveVersion = 1;
	classes = {
	};
	objectVersion = 60;
	objects = {

/* Begin PBXBuildFile section */
		82B9316F2BA9498900DFCCF0 /* DesignSystemDemoApp.swift in Sources */ = {isa = PBXBuildFile; fileRef = 82B9316E2BA9498900DFCCF0 /* DesignSystemDemoApp.swift */; };
		82B931712BA9498900DFCCF0 /* ContentView.swift in Sources */ = {isa = PBXBuildFile; fileRef = 82B931702BA9498900DFCCF0 /* ContentView.swift */; };
		82B931732BA9498B00DFCCF0 /* Assets.xcassets in Resources */ = {isa = PBXBuildFile; fileRef = 82B931722BA9498B00DFCCF0 /* Assets.xcassets */; };
		82B931762BA9498B00DFCCF0 /* Preview Assets.xcassets in Resources */ = {isa = PBXBuildFile; fileRef = 82B931752BA9498B00DFCCF0 /* Preview Assets.xcassets */; };
		82B931802BA9498B00DFCCF0 /* DesignSystemDemoTests.swift in Sources */ = {isa = PBXBuildFile; fileRef = 82B9317F2BA9498B00DFCCF0 /* DesignSystemDemoTests.swift */; };
		82B9318A2BA9498B00DFCCF0 /* DesignSystemDemoUITests.swift in Sources */ = {isa = PBXBuildFile; fileRef = 82B931892BA9498B00DFCCF0 /* DesignSystemDemoUITests.swift */; };
		82B9318C2BA9498B00DFCCF0 /* DesignSystemDemoUITestsLaunchTests.swift in Sources */ = {isa = PBXBuildFile; fileRef = 82B9318B2BA9498B00DFCCF0 /* DesignSystemDemoUITestsLaunchTests.swift */; };
		82B9319A2BA949A500DFCCF0 /* DesignSystem in Frameworks */ = {isa = PBXBuildFile; productRef = 82B931992BA949A500DFCCF0 /* DesignSystem */; };
		82B9319C2BA94E0400DFCCF0 /* DataViewModel.swift in Sources */ = {isa = PBXBuildFile; fileRef = 82B9319B2BA94E0400DFCCF0 /* DataViewModel.swift */; };
/* End PBXBuildFile section */

/* Begin PBXContainerItemProxy section */
		82B9317C2BA9498B00DFCCF0 /* PBXContainerItemProxy */ = {
			isa = PBXContainerItemProxy;
			containerPortal = 82B931632BA9498900DFCCF0 /* Project object */;
			proxyType = 1;
			remoteGlobalIDString = 82B9316A2BA9498900DFCCF0;
			remoteInfo = DesignSystemDemo;
		};
		82B931862BA9498B00DFCCF0 /* PBXContainerItemProxy */ = {
			isa = PBXContainerItemProxy;
			containerPortal = 82B931632BA9498900DFCCF0 /* Project object */;
			proxyType = 1;
			remoteGlobalIDString = 82B9316A2BA9498900DFCCF0;
			remoteInfo = DesignSystemDemo;
		};
/* End PBXContainerItemProxy section */

/* Begin PBXFileReference section */
		82B9316B2BA9498900DFCCF0 /* DesignSystemDemo.app */ = {isa = PBXFileReference; explicitFileType = wrapper.application; includeInIndex = 0; path = DesignSystemDemo.app; sourceTree = BUILT_PRODUCTS_DIR; };
		82B9316E2BA9498900DFCCF0 /* DesignSystemDemoApp.swift */ = {isa = PBXFileReference; lastKnownFileType = sourcecode.swift; path = DesignSystemDemoApp.swift; sourceTree = "<group>"; };
		82B931702BA9498900DFCCF0 /* ContentView.swift */ = {isa = PBXFileReference; lastKnownFileType = sourcecode.swift; path = ContentView.swift; sourceTree = "<group>"; };
		82B931722BA9498B00DFCCF0 /* Assets.xcassets */ = {isa = PBXFileReference; lastKnownFileType = folder.assetcatalog; path = Assets.xcassets; sourceTree = "<group>"; };
		82B931752BA9498B00DFCCF0 /* Preview Assets.xcassets */ = {isa = PBXFileReference; lastKnownFileType = folder.assetcatalog; path = "Preview Assets.xcassets"; sourceTree = "<group>"; };
		82B9317B2BA9498B00DFCCF0 /* DesignSystemDemoTests.xctest */ = {isa = PBXFileReference; explicitFileType = wrapper.cfbundle; includeInIndex = 0; path = DesignSystemDemoTests.xctest; sourceTree = BUILT_PRODUCTS_DIR; };
		82B9317F2BA9498B00DFCCF0 /* DesignSystemDemoTests.swift */ = {isa = PBXFileReference; lastKnownFileType = sourcecode.swift; path = DesignSystemDemoTests.swift; sourceTree = "<group>"; };
		82B931852BA9498B00DFCCF0 /* DesignSystemDemoUITests.xctest */ = {isa = PBXFileReference; explicitFileType = wrapper.cfbundle; includeInIndex = 0; path = DesignSystemDemoUITests.xctest; sourceTree = BUILT_PRODUCTS_DIR; };
		82B931892BA9498B00DFCCF0 /* DesignSystemDemoUITests.swift */ = {isa = PBXFileReference; lastKnownFileType = sourcecode.swift; path = DesignSystemDemoUITests.swift; sourceTree = "<group>"; };
		82B9318B2BA9498B00DFCCF0 /* DesignSystemDemoUITestsLaunchTests.swift */ = {isa = PBXFileReference; lastKnownFileType = sourcecode.swift; path = DesignSystemDemoUITestsLaunchTests.swift; sourceTree = "<group>"; };
		82B9319B2BA94E0400DFCCF0 /* DataViewModel.swift */ = {isa = PBXFileReference; lastKnownFileType = sourcecode.swift; path = DataViewModel.swift; sourceTree = "<group>"; };
/* End PBXFileReference section */

/* Begin PBXFrameworksBuildPhase section */
		82B931682BA9498900DFCCF0 /* Frameworks */ = {
			isa = PBXFrameworksBuildPhase;
			buildActionMask = 2147483647;
			files = (
				82B9319A2BA949A500DFCCF0 /* DesignSystem in Frameworks */,
			);
			runOnlyForDeploymentPostprocessing = 0;
		};
		82B931782BA9498B00DFCCF0 /* Frameworks */ = {
			isa = PBXFrameworksBuildPhase;
			buildActionMask = 2147483647;
			files = (
			);
			runOnlyForDeploymentPostprocessing = 0;
		};
		82B931822BA9498B00DFCCF0 /* Frameworks */ = {
			isa = PBXFrameworksBuildPhase;
			buildActionMask = 2147483647;
			files = (
			);
			runOnlyForDeploymentPostprocessing = 0;
		};
/* End PBXFrameworksBuildPhase section */

/* Begin PBXGroup section */
		82B931622BA9498900DFCCF0 = {
			isa = PBXGroup;
			children = (
				82B9316D2BA9498900DFCCF0 /* DesignSystemDemo */,
				82B9317E2BA9498B00DFCCF0 /* DesignSystemDemoTests */,
				82B931882BA9498B00DFCCF0 /* DesignSystemDemoUITests */,
				82B9316C2BA9498900DFCCF0 /* Products */,
			);
			sourceTree = "<group>";
		};
		82B9316C2BA9498900DFCCF0 /* Products */ = {
			isa = PBXGroup;
			children = (
				82B9316B2BA9498900DFCCF0 /* DesignSystemDemo.app */,
				82B9317B2BA9498B00DFCCF0 /* DesignSystemDemoTests.xctest */,
				82B931852BA9498B00DFCCF0 /* DesignSystemDemoUITests.xctest */,
			);
			name = Products;
			sourceTree = "<group>";
		};
		82B9316D2BA9498900DFCCF0 /* DesignSystemDemo */ = {
			isa = PBXGroup;
			children = (
				82B9316E2BA9498900DFCCF0 /* DesignSystemDemoApp.swift */,
				82B931702BA9498900DFCCF0 /* ContentView.swift */,
				82B9319B2BA94E0400DFCCF0 /* DataViewModel.swift */,
				82B931722BA9498B00DFCCF0 /* Assets.xcassets */,
				82B931742BA9498B00DFCCF0 /* Preview Content */,
			);
			path = DesignSystemDemo;
			sourceTree = "<group>";
		};
		82B931742BA9498B00DFCCF0 /* Preview Content */ = {
			isa = PBXGroup;
			children = (
				82B931752BA9498B00DFCCF0 /* Preview Assets.xcassets */,
			);
			path = "Preview Content";
			sourceTree = "<group>";
		};
		82B9317E2BA9498B00DFCCF0 /* DesignSystemDemoTests */ = {
			isa = PBXGroup;
			children = (
				82B9317F2BA9498B00DFCCF0 /* DesignSystemDemoTests.swift */,
			);
			path = DesignSystemDemoTests;
			sourceTree = "<group>";
		};
		82B931882BA9498B00DFCCF0 /* DesignSystemDemoUITests */ = {
			isa = PBXGroup;
			children = (
				82B931892BA9498B00DFCCF0 /* DesignSystemDemoUITests.swift */,
				82B9318B2BA9498B00DFCCF0 /* DesignSystemDemoUITestsLaunchTests.swift */,
			);
			path = DesignSystemDemoUITests;
			sourceTree = "<group>";
		};
/* End PBXGroup section */

/* Begin PBXNativeTarget section */
		82B9316A2BA9498900DFCCF0 /* DesignSystemDemo */ = {
			isa = PBXNativeTarget;
			buildConfigurationList = 82B9318F2BA9498B00DFCCF0 /* Build configuration list for PBXNativeTarget "DesignSystemDemo" */;
			buildPhases = (
				82B931672BA9498900DFCCF0 /* Sources */,
				82B931682BA9498900DFCCF0 /* Frameworks */,
				82B931692BA9498900DFCCF0 /* Resources */,
			);
			buildRules = (
			);
			dependencies = (
			);
			name = DesignSystemDemo;
			packageProductDependencies = (
				82B931992BA949A500DFCCF0 /* DesignSystem */,
			);
			productName = DesignSystemDemo;
			productReference = 82B9316B2BA9498900DFCCF0 /* DesignSystemDemo.app */;
			productType = "com.apple.product-type.application";
		};
		82B9317A2BA9498B00DFCCF0 /* DesignSystemDemoTests */ = {
			isa = PBXNativeTarget;
			buildConfigurationList = 82B931922BA9498B00DFCCF0 /* Build configuration list for PBXNativeTarget "DesignSystemDemoTests" */;
			buildPhases = (
				82B931772BA9498B00DFCCF0 /* Sources */,
				82B931782BA9498B00DFCCF0 /* Frameworks */,
				82B931792BA9498B00DFCCF0 /* Resources */,
			);
			buildRules = (
			);
			dependencies = (
				82B9317D2BA9498B00DFCCF0 /* PBXTargetDependency */,
			);
			name = DesignSystemDemoTests;
			productName = DesignSystemDemoTests;
			productReference = 82B9317B2BA9498B00DFCCF0 /* DesignSystemDemoTests.xctest */;
			productType = "com.apple.product-type.bundle.unit-test";
		};
		82B931842BA9498B00DFCCF0 /* DesignSystemDemoUITests */ = {
			isa = PBXNativeTarget;
			buildConfigurationList = 82B931952BA9498B00DFCCF0 /* Build configuration list for PBXNativeTarget "DesignSystemDemoUITests" */;
			buildPhases = (
				82B931812BA9498B00DFCCF0 /* Sources */,
				82B931822BA9498B00DFCCF0 /* Frameworks */,
				82B931832BA9498B00DFCCF0 /* Resources */,
			);
			buildRules = (
			);
			dependencies = (
				82B931872BA9498B00DFCCF0 /* PBXTargetDependency */,
			);
			name = DesignSystemDemoUITests;
			productName = DesignSystemDemoUITests;
			productReference = 82B931852BA9498B00DFCCF0 /* DesignSystemDemoUITests.xctest */;
			productType = "com.apple.product-type.bundle.ui-testing";
		};
/* End PBXNativeTarget section */

/* Begin PBXProject section */
		82B931632BA9498900DFCCF0 /* Project object */ = {
			isa = PBXProject;
			attributes = {
				BuildIndependentTargetsInParallel = 1;
				LastSwiftUpdateCheck = 1520;
				LastUpgradeCheck = 1520;
				TargetAttributes = {
					82B9316A2BA9498900DFCCF0 = {
						CreatedOnToolsVersion = 15.2;
					};
					82B9317A2BA9498B00DFCCF0 = {
						CreatedOnToolsVersion = 15.2;
						TestTargetID = 82B9316A2BA9498900DFCCF0;
					};
					82B931842BA9498B00DFCCF0 = {
						CreatedOnToolsVersion = 15.2;
						TestTargetID = 82B9316A2BA9498900DFCCF0;
					};
				};
			};
			buildConfigurationList = 82B931662BA9498900DFCCF0 /* Build configuration list for PBXProject "DesignSystemDemo" */;
			compatibilityVersion = "Xcode 14.0";
			developmentRegion = en;
			hasScannedForEncodings = 0;
			knownRegions = (
				en,
				Base,
			);
			mainGroup = 82B931622BA9498900DFCCF0;
			packageReferences = (
				82B931982BA949A500DFCCF0 /* XCLocalSwiftPackageReference ".." */,
			);
			productRefGroup = 82B9316C2BA9498900DFCCF0 /* Products */;
			projectDirPath = "";
			projectRoot = "";
			targets = (
				82B9316A2BA9498900DFCCF0 /* DesignSystemDemo */,
				82B9317A2BA9498B00DFCCF0 /* DesignSystemDemoTests */,
				82B931842BA9498B00DFCCF0 /* DesignSystemDemoUITests */,
			);
		};
/* End PBXProject section */

/* Begin PBXResourcesBuildPhase section */
		82B931692BA9498900DFCCF0 /* Resources */ = {
			isa = PBXResourcesBuildPhase;
			buildActionMask = 2147483647;
			files = (
				82B931762BA9498B00DFCCF0 /* Preview Assets.xcassets in Resources */,
				82B931732BA9498B00DFCCF0 /* Assets.xcassets in Resources */,
			);
			runOnlyForDeploymentPostprocessing = 0;
		};
		82B931792BA9498B00DFCCF0 /* Resources */ = {
			isa = PBXResourcesBuildPhase;
			buildActionMask = 2147483647;
			files = (
			);
			runOnlyForDeploymentPostprocessing = 0;
		};
		82B931832BA9498B00DFCCF0 /* Resources */ = {
			isa = PBXResourcesBuildPhase;
			buildActionMask = 2147483647;
			files = (
			);
			runOnlyForDeploymentPostprocessing = 0;
		};
/* End PBXResourcesBuildPhase section */

/* Begin PBXSourcesBuildPhase section */
		82B931672BA9498900DFCCF0 /* Sources */ = {
			isa = PBXSourcesBuildPhase;
			buildActionMask = 2147483647;
			files = (
				82B931712BA9498900DFCCF0 /* ContentView.swift in Sources */,
				82B9316F2BA9498900DFCCF0 /* DesignSystemDemoApp.swift in Sources */,
				82B9319C2BA94E0400DFCCF0 /* DataViewModel.swift in Sources */,
			);
			runOnlyForDeploymentPostprocessing = 0;
		};
		82B931772BA9498B00DFCCF0 /* Sources */ = {
			isa = PBXSourcesBuildPhase;
			buildActionMask = 2147483647;
			files = (
				82B931802BA9498B00DFCCF0 /* DesignSystemDemoTests.swift in Sources */,
			);
			runOnlyForDeploymentPostprocessing = 0;
		};
		82B931812BA9498B00DFCCF0 /* Sources */ = {
			isa = PBXSourcesBuildPhase;
			buildActionMask = 2147483647;
			files = (
				82B9318C2BA9498B00DFCCF0 /* DesignSystemDemoUITestsLaunchTests.swift in Sources */,
				82B9318A2BA9498B00DFCCF0 /* DesignSystemDemoUITests.swift in Sources */,
			);
			runOnlyForDeploymentPostprocessing = 0;
		};
/* End PBXSourcesBuildPhase section */

/* Begin PBXTargetDependency section */
		82B9317D2BA9498B00DFCCF0 /* PBXTargetDependency */ = {
			isa = PBXTargetDependency;
			target = 82B9316A2BA9498900DFCCF0 /* DesignSystemDemo */;
			targetProxy = 82B9317C2BA9498B00DFCCF0 /* PBXContainerItemProxy */;
		};
		82B931872BA9498B00DFCCF0 /* PBXTargetDependency */ = {
			isa = PBXTargetDependency;
			target = 82B9316A2BA9498900DFCCF0 /* DesignSystemDemo */;
			targetProxy = 82B931862BA9498B00DFCCF0 /* PBXContainerItemProxy */;
		};
/* End PBXTargetDependency section */

/* Begin XCBuildConfiguration section */
		82B9318D2BA9498B00DFCCF0 /* Debug */ = {
			isa = XCBuildConfiguration;
			buildSettings = {
				ALWAYS_SEARCH_USER_PATHS = NO;
				ASSETCATALOG_COMPILER_GENERATE_SWIFT_ASSET_SYMBOL_EXTENSIONS = YES;
				CLANG_ANALYZER_NONNULL = YES;
				CLANG_ANALYZER_NUMBER_OBJECT_CONVERSION = YES_AGGRESSIVE;
				CLANG_CXX_LANGUAGE_STANDARD = "gnu++20";
				CLANG_ENABLE_MODULES = YES;
				CLANG_ENABLE_OBJC_ARC = YES;
				CLANG_ENABLE_OBJC_WEAK = YES;
				CLANG_WARN_BLOCK_CAPTURE_AUTORELEASING = YES;
				CLANG_WARN_BOOL_CONVERSION = YES;
				CLANG_WARN_COMMA = YES;
				CLANG_WARN_CONSTANT_CONVERSION = YES;
				CLANG_WARN_DEPRECATED_OBJC_IMPLEMENTATIONS = YES;
				CLANG_WARN_DIRECT_OBJC_ISA_USAGE = YES_ERROR;
				CLANG_WARN_DOCUMENTATION_COMMENTS = YES;
				CLANG_WARN_EMPTY_BODY = YES;
				CLANG_WARN_ENUM_CONVERSION = YES;
				CLANG_WARN_INFINITE_RECURSION = YES;
				CLANG_WARN_INT_CONVERSION = YES;
				CLANG_WARN_NON_LITERAL_NULL_CONVERSION = YES;
				CLANG_WARN_OBJC_IMPLICIT_RETAIN_SELF = YES;
				CLANG_WARN_OBJC_LITERAL_CONVERSION = YES;
				CLANG_WARN_OBJC_ROOT_CLASS = YES_ERROR;
				CLANG_WARN_QUOTED_INCLUDE_IN_FRAMEWORK_HEADER = YES;
				CLANG_WARN_RANGE_LOOP_ANALYSIS = YES;
				CLANG_WARN_STRICT_PROTOTYPES = YES;
				CLANG_WARN_SUSPICIOUS_MOVE = YES;
				CLANG_WARN_UNGUARDED_AVAILABILITY = YES_AGGRESSIVE;
				CLANG_WARN_UNREACHABLE_CODE = YES;
				CLANG_WARN__DUPLICATE_METHOD_MATCH = YES;
				COPY_PHASE_STRIP = NO;
				DEBUG_INFORMATION_FORMAT = dwarf;
				ENABLE_STRICT_OBJC_MSGSEND = YES;
				ENABLE_TESTABILITY = YES;
				ENABLE_USER_SCRIPT_SANDBOXING = YES;
				GCC_C_LANGUAGE_STANDARD = gnu17;
				GCC_DYNAMIC_NO_PIC = NO;
				GCC_NO_COMMON_BLOCKS = YES;
				GCC_OPTIMIZATION_LEVEL = 0;
				GCC_PREPROCESSOR_DEFINITIONS = (
					"DEBUG=1",
					"$(inherited)",
				);
				GCC_WARN_64_TO_32_BIT_CONVERSION = YES;
				GCC_WARN_ABOUT_RETURN_TYPE = YES_ERROR;
				GCC_WARN_UNDECLARED_SELECTOR = YES;
				GCC_WARN_UNINITIALIZED_AUTOS = YES_AGGRESSIVE;
				GCC_WARN_UNUSED_FUNCTION = YES;
				GCC_WARN_UNUSED_VARIABLE = YES;
				IPHONEOS_DEPLOYMENT_TARGET = 17.2;
				LOCALIZATION_PREFERS_STRING_CATALOGS = YES;
				MTL_ENABLE_DEBUG_INFO = INCLUDE_SOURCE;
				MTL_FAST_MATH = YES;
				ONLY_ACTIVE_ARCH = YES;
				SDKROOT = iphoneos;
				SWIFT_ACTIVE_COMPILATION_CONDITIONS = "DEBUG $(inherited)";
				SWIFT_OPTIMIZATION_LEVEL = "-Onone";
			};
			name = Debug;
		};
		82B9318E2BA9498B00DFCCF0 /* Release */ = {
			isa = XCBuildConfiguration;
			buildSettings = {
				ALWAYS_SEARCH_USER_PATHS = NO;
				ASSETCATALOG_COMPILER_GENERATE_SWIFT_ASSET_SYMBOL_EXTENSIONS = YES;
				CLANG_ANALYZER_NONNULL = YES;
				CLANG_ANALYZER_NUMBER_OBJECT_CONVERSION = YES_AGGRESSIVE;
				CLANG_CXX_LANGUAGE_STANDARD = "gnu++20";
				CLANG_ENABLE_MODULES = YES;
				CLANG_ENABLE_OBJC_ARC = YES;
				CLANG_ENABLE_OBJC_WEAK = YES;
				CLANG_WARN_BLOCK_CAPTURE_AUTORELEASING = YES;
				CLANG_WARN_BOOL_CONVERSION = YES;
				CLANG_WARN_COMMA = YES;
				CLANG_WARN_CONSTANT_CONVERSION = YES;
				CLANG_WARN_DEPRECATED_OBJC_IMPLEMENTATIONS = YES;
				CLANG_WARN_DIRECT_OBJC_ISA_USAGE = YES_ERROR;
				CLANG_WARN_DOCUMENTATION_COMMENTS = YES;
				CLANG_WARN_EMPTY_BODY = YES;
				CLANG_WARN_ENUM_CONVERSION = YES;
				CLANG_WARN_INFINITE_RECURSION = YES;
				CLANG_WARN_INT_CONVERSION = YES;
				CLANG_WARN_NON_LITERAL_NULL_CONVERSION = YES;
				CLANG_WARN_OBJC_IMPLICIT_RETAIN_SELF = YES;
				CLANG_WARN_OBJC_LITERAL_CONVERSION = YES;
				CLANG_WARN_OBJC_ROOT_CLASS = YES_ERROR;
				CLANG_WARN_QUOTED_INCLUDE_IN_FRAMEWORK_HEADER = YES;
				CLANG_WARN_RANGE_LOOP_ANALYSIS = YES;
				CLANG_WARN_STRICT_PROTOTYPES = YES;
				CLANG_WARN_SUSPICIOUS_MOVE = YES;
				CLANG_WARN_UNGUARDED_AVAILABILITY = YES_AGGRESSIVE;
				CLANG_WARN_UNREACHABLE_CODE = YES;
				CLANG_WARN__DUPLICATE_METHOD_MATCH = YES;
				COPY_PHASE_STRIP = NO;
				DEBUG_INFORMATION_FORMAT = "dwarf-with-dsym";
				ENABLE_NS_ASSERTIONS = NO;
				ENABLE_STRICT_OBJC_MSGSEND = YES;
				ENABLE_USER_SCRIPT_SANDBOXING = YES;
				GCC_C_LANGUAGE_STANDARD = gnu17;
				GCC_NO_COMMON_BLOCKS = YES;
				GCC_WARN_64_TO_32_BIT_CONVERSION = YES;
				GCC_WARN_ABOUT_RETURN_TYPE = YES_ERROR;
				GCC_WARN_UNDECLARED_SELECTOR = YES;
				GCC_WARN_UNINITIALIZED_AUTOS = YES_AGGRESSIVE;
				GCC_WARN_UNUSED_FUNCTION = YES;
				GCC_WARN_UNUSED_VARIABLE = YES;
				IPHONEOS_DEPLOYMENT_TARGET = 17.2;
				LOCALIZATION_PREFERS_STRING_CATALOGS = YES;
				MTL_ENABLE_DEBUG_INFO = NO;
				MTL_FAST_MATH = YES;
				SDKROOT = iphoneos;
				SWIFT_COMPILATION_MODE = wholemodule;
				VALIDATE_PRODUCT = YES;
			};
			name = Release;
		};
		82B931902BA9498B00DFCCF0 /* Debug */ = {
			isa = XCBuildConfiguration;
			buildSettings = {
				ASSETCATALOG_COMPILER_APPICON_NAME = AppIcon;
				ASSETCATALOG_COMPILER_GLOBAL_ACCENT_COLOR_NAME = AccentColor;
				CODE_SIGN_STYLE = Automatic;
				CURRENT_PROJECT_VERSION = 1;
				DEVELOPMENT_ASSET_PATHS = "\"DesignSystemDemo/Preview Content\"";
				ENABLE_PREVIEWS = YES;
				GENERATE_INFOPLIST_FILE = YES;
				INFOPLIST_KEY_UIApplicationSceneManifest_Generation = YES;
				INFOPLIST_KEY_UIApplicationSupportsIndirectInputEvents = YES;
				INFOPLIST_KEY_UILaunchScreen_Generation = YES;
				INFOPLIST_KEY_UISupportedInterfaceOrientations_iPad = "UIInterfaceOrientationPortrait UIInterfaceOrientationPortraitUpsideDown UIInterfaceOrientationLandscapeLeft UIInterfaceOrientationLandscapeRight";
				INFOPLIST_KEY_UISupportedInterfaceOrientations_iPhone = "UIInterfaceOrientationPortrait UIInterfaceOrientationLandscapeLeft UIInterfaceOrientationLandscapeRight";
				LD_RUNPATH_SEARCH_PATHS = (
					"$(inherited)",
					"@executable_path/Frameworks",
				);
				MARKETING_VERSION = 1.0;
				PRODUCT_BUNDLE_IDENTIFIER = Bishnu.DesignSystemDemo;
				PRODUCT_NAME = "$(TARGET_NAME)";
				SWIFT_EMIT_LOC_STRINGS = YES;
				SWIFT_VERSION = 5.0;
				TARGETED_DEVICE_FAMILY = "1,2";
			};
			name = Debug;
		};
		82B931912BA9498B00DFCCF0 /* Release */ = {
			isa = XCBuildConfiguration;
			buildSettings = {
				ASSETCATALOG_COMPILER_APPICON_NAME = AppIcon;
				ASSETCATALOG_COMPILER_GLOBAL_ACCENT_COLOR_NAME = AccentColor;
				CODE_SIGN_STYLE = Automatic;
				CURRENT_PROJECT_VERSION = 1;
				DEVELOPMENT_ASSET_PATHS = "\"DesignSystemDemo/Preview Content\"";
				ENABLE_PREVIEWS = YES;
				GENERATE_INFOPLIST_FILE = YES;
				INFOPLIST_KEY_UIApplicationSceneManifest_Generation = YES;
				INFOPLIST_KEY_UIApplicationSupportsIndirectInputEvents = YES;
				INFOPLIST_KEY_UILaunchScreen_Generation = YES;
				INFOPLIST_KEY_UISupportedInterfaceOrientations_iPad = "UIInterfaceOrientationPortrait UIInterfaceOrientationPortraitUpsideDown UIInterfaceOrientationLandscapeLeft UIInterfaceOrientationLandscapeRight";
				INFOPLIST_KEY_UISupportedInterfaceOrientations_iPhone = "UIInterfaceOrientationPortrait UIInterfaceOrientationLandscapeLeft UIInterfaceOrientationLandscapeRight";
				LD_RUNPATH_SEARCH_PATHS = (
					"$(inherited)",
					"@executable_path/Frameworks",
				);
				MARKETING_VERSION = 1.0;
				PRODUCT_BUNDLE_IDENTIFIER = Bishnu.DesignSystemDemo;
				PRODUCT_NAME = "$(TARGET_NAME)";
				SWIFT_EMIT_LOC_STRINGS = YES;
				SWIFT_VERSION = 5.0;
				TARGETED_DEVICE_FAMILY = "1,2";
			};
			name = Release;
		};
		82B931932BA9498B00DFCCF0 /* Debug */ = {
			isa = XCBuildConfiguration;
			buildSettings = {
				ALWAYS_EMBED_SWIFT_STANDARD_LIBRARIES = YES;
				BUNDLE_LOADER = "$(TEST_HOST)";
				CODE_SIGN_STYLE = Automatic;
				CURRENT_PROJECT_VERSION = 1;
				GENERATE_INFOPLIST_FILE = YES;
				IPHONEOS_DEPLOYMENT_TARGET = 17.2;
				MARKETING_VERSION = 1.0;
				PRODUCT_BUNDLE_IDENTIFIER = Bishnu.DesignSystemDemoTests;
				PRODUCT_NAME = "$(TARGET_NAME)";
				SWIFT_EMIT_LOC_STRINGS = NO;
				SWIFT_VERSION = 5.0;
				TARGETED_DEVICE_FAMILY = "1,2";
				TEST_HOST = "$(BUILT_PRODUCTS_DIR)/DesignSystemDemo.app/$(BUNDLE_EXECUTABLE_FOLDER_PATH)/DesignSystemDemo";
			};
			name = Debug;
		};
		82B931942BA9498B00DFCCF0 /* Release */ = {
			isa = XCBuildConfiguration;
			buildSettings = {
				ALWAYS_EMBED_SWIFT_STANDARD_LIBRARIES = YES;
				BUNDLE_LOADER = "$(TEST_HOST)";
				CODE_SIGN_STYLE = Automatic;
				CURRENT_PROJECT_VERSION = 1;
				GENERATE_INFOPLIST_FILE = YES;
				IPHONEOS_DEPLOYMENT_TARGET = 17.2;
				MARKETING_VERSION = 1.0;
				PRODUCT_BUNDLE_IDENTIFIER = Bishnu.DesignSystemDemoTests;
				PRODUCT_NAME = "$(TARGET_NAME)";
				SWIFT_EMIT_LOC_STRINGS = NO;
				SWIFT_VERSION = 5.0;
				TARGETED_DEVICE_FAMILY = "1,2";
				TEST_HOST = "$(BUILT_PRODUCTS_DIR)/DesignSystemDemo.app/$(BUNDLE_EXECUTABLE_FOLDER_PATH)/DesignSystemDemo";
			};
			name = Release;
		};
		82B931962BA9498B00DFCCF0 /* Debug */ = {
			isa = XCBuildConfiguration;
			buildSettings = {
				ALWAYS_EMBED_SWIFT_STANDARD_LIBRARIES = YES;
				CODE_SIGN_STYLE = Automatic;
				CURRENT_PROJECT_VERSION = 1;
				GENERATE_INFOPLIST_FILE = YES;
				MARKETING_VERSION = 1.0;
				PRODUCT_BUNDLE_IDENTIFIER = Bishnu.DesignSystemDemoUITests;
				PRODUCT_NAME = "$(TARGET_NAME)";
				SWIFT_EMIT_LOC_STRINGS = NO;
				SWIFT_VERSION = 5.0;
				TARGETED_DEVICE_FAMILY = "1,2";
				TEST_TARGET_NAME = DesignSystemDemo;
			};
			name = Debug;
		};
		82B931972BA9498B00DFCCF0 /* Release */ = {
			isa = XCBuildConfiguration;
			buildSettings = {
				ALWAYS_EMBED_SWIFT_STANDARD_LIBRARIES = YES;
				CODE_SIGN_STYLE = Automatic;
				CURRENT_PROJECT_VERSION = 1;
				GENERATE_INFOPLIST_FILE = YES;
				MARKETING_VERSION = 1.0;
				PRODUCT_BUNDLE_IDENTIFIER = Bishnu.DesignSystemDemoUITests;
				PRODUCT_NAME = "$(TARGET_NAME)";
				SWIFT_EMIT_LOC_STRINGS = NO;
				SWIFT_VERSION = 5.0;
				TARGETED_DEVICE_FAMILY = "1,2";
				TEST_TARGET_NAME = DesignSystemDemo;
			};
			name = Release;
		};
/* End XCBuildConfiguration section */

/* Begin XCConfigurationList section */
		82B931662BA9498900DFCCF0 /* Build configuration list for PBXProject "DesignSystemDemo" */ = {
			isa = XCConfigurationList;
			buildConfigurations = (
				82B9318D2BA9498B00DFCCF0 /* Debug */,
				82B9318E2BA9498B00DFCCF0 /* Release */,
			);
			defaultConfigurationIsVisible = 0;
			defaultConfigurationName = Release;
		};
		82B9318F2BA9498B00DFCCF0 /* Build configuration list for PBXNativeTarget "DesignSystemDemo" */ = {
			isa = XCConfigurationList;
			buildConfigurations = (
				82B931902BA9498B00DFCCF0 /* Debug */,
				82B931912BA9498B00DFCCF0 /* Release */,
			);
			defaultConfigurationIsVisible = 0;
			defaultConfigurationName = Release;
		};
		82B931922BA9498B00DFCCF0 /* Build configuration list for PBXNativeTarget "DesignSystemDemoTests" */ = {
			isa = XCConfigurationList;
			buildConfigurations = (
				82B931932BA9498B00DFCCF0 /* Debug */,
				82B931942BA9498B00DFCCF0 /* Release */,
			);
			defaultConfigurationIsVisible = 0;
			defaultConfigurationName = Release;
		};
		82B931952BA9498B00DFCCF0 /* Build configuration list for PBXNativeTarget "DesignSystemDemoUITests" */ = {
			isa = XCConfigurationList;
			buildConfigurations = (
				82B931962BA9498B00DFCCF0 /* Debug */,
				82B931972BA9498B00DFCCF0 /* Release */,
			);
			defaultConfigurationIsVisible = 0;
			defaultConfigurationName = Release;
		};
/* End XCConfigurationList section */

/* Begin XCLocalSwiftPackageReference section */
		82B931982BA949A500DFCCF0 /* XCLocalSwiftPackageReference ".." */ = {
			isa = XCLocalSwiftPackageReference;
			relativePath = ..;
		};
/* End XCLocalSwiftPackageReference section */

/* Begin XCSwiftPackageProductDependency section */
		82B931992BA949A500DFCCF0 /* DesignSystem */ = {
			isa = XCSwiftPackageProductDependency;
			productName = DesignSystem;
		};
/* End XCSwiftPackageProductDependency section */
	};
	rootObject = 82B931632BA9498900DFCCF0 /* Project object */;
}
